
Microsoft Visual Studio Solution File, Format Version 12.00
# Visual Studio 14
VisualStudioVersion = 14.0.23107.0
MinimumVisualStudioVersion = 10.0.40219.1
Project("{FAE04EC0-301F-11D3-BF4B-00C04F79EFBC}") = "DataAccessLayer", "DataAccessLayer\DataAccessLayer.csproj", "{BF8CC107-C16B-4606-A4F8-E8C45BC15E32}"
EndProject
Project("{FAE04EC0-301F-11D3-BF4B-00C04F79EFBC}") = "DataAccessTests", "DataAccessTests\DataAccessTests.csproj", "{0E1B75F5-712B-464C-8BAD-A0DC5AB3B195}"
EndProject
Project("{FAE04EC0-301F-11D3-BF4B-00C04F79EFBC}") = "DataAccessModels", "DataAccessModels\DataAccessModels.csproj", "{0EBD474B-A730-49B7-9EFD-467B4E9A2CF1}"
EndProject
Global
	GlobalSection(SolutionConfigurationPlatforms) = preSolution
		Debug|Any CPU = Debug|Any CPU
		Release|Any CPU = Release|Any CPU
	EndGlobalSection
	GlobalSection(ProjectConfigurationPlatforms) = postSolution
		{BF8CC107-C16B-4606-A4F8-E8C45BC15E32}.Debug|Any CPU.ActiveCfg = Debug|Any CPU
		{BF8CC107-C16B-4606-A4F8-E8C45BC15E32}.Debug|Any CPU.Build.0 = Debug|Any CPU
		{BF8CC107-C16B-4606-A4F8-E8C45BC15E32}.Release|Any CPU.ActiveCfg = Release|Any CPU
		{BF8CC107-C16B-4606-A4F8-E8C45BC15E32}.Release|Any CPU.Build.0 = Release|Any CPU
		{0E1B75F5-712B-464C-8BAD-A0DC5AB3B195}.Debug|Any CPU.ActiveCfg = Debug|Any CPU
		{0E1B75F5-712B-464C-8BAD-A0DC5AB3B195}.Debug|Any CPU.Build.0 = Debug|Any CPU
		{0E1B75F5-712B-464C-8BAD-A0DC5AB3B195}.Release|Any CPU.ActiveCfg = Release|Any CPU
		{0E1B75F5-712B-464C-8BAD-A0DC5AB3B195}.Release|Any CPU.Build.0 = Release|Any CPU
		{0EBD474B-A730-49B7-9EFD-467B4E9A2CF1}.Debug|Any CPU.ActiveCfg = Debug|Any CPU
		{0EBD474B-A730-49B7-9EFD-467B4E9A2CF1}.Debug|Any CPU.Build.0 = Debug|Any CPU
		{0EBD474B-A730-49B7-9EFD-467B4E9A2CF1}.Release|Any CPU.ActiveCfg = Release|Any CPU
		{0EBD474B-A730-49B7-9EFD-467B4E9A2CF1}.Release|Any CPU.Build.0 = Release|Any CPU
	EndGlobalSection
	GlobalSection(SolutionProperties) = preSolution
		HideSolutionNode = FALSE
	EndGlobalSection
EndGlobal
